// !$*UTF8*$!
{
	archiveVersion = 1;
	classes = {
	};
	objectVersion = 46;
	objects = {

/* Begin PBXBuildFile section */
		EFB1C7A11CDF774F0032D5E3 /* AppDelegate.swift in Sources */ = {isa = PBXBuildFile; fileRef = EFB1C7A01CDF774F0032D5E3 /* AppDelegate.swift */; };
		EFB1C7A31CDF774F0032D5E3 /* ViewController.swift in Sources */ = {isa = PBXBuildFile; fileRef = EFB1C7A21CDF774F0032D5E3 /* ViewController.swift */; };
		EFB1C7A61CDF774F0032D5E3 /* Main.storyboard in Resources */ = {isa = PBXBuildFile; fileRef = EFB1C7A41CDF774F0032D5E3 /* Main.storyboard */; };
		EFB1C7A81CDF774F0032D5E3 /* Assets.xcassets in Resources */ = {isa = PBXBuildFile; fileRef = EFB1C7A71CDF774F0032D5E3 /* Assets.xcassets */; };
		EFB1C7AB1CDF774F0032D5E3 /* LaunchScreen.storyboard in Resources */ = {isa = PBXBuildFile; fileRef = EFB1C7A91CDF774F0032D5E3 /* LaunchScreen.storyboard */; };
		EFB1C7B61CDF774F0032D5E3 /* MirrorRemoteTests.swift in Sources */ = {isa = PBXBuildFile; fileRef = EFB1C7B51CDF774F0032D5E3 /* MirrorRemoteTests.swift */; };
		EFB1C7C21CDF77910032D5E3 /* LoginWithAmazon.framework in Frameworks */ = {isa = PBXBuildFile; fileRef = EFB1C7C11CDF77910032D5E3 /* LoginWithAmazon.framework */; };
		EFB1C7C51CDF78E70032D5E3 /* CoreAudio.framework in Frameworks */ = {isa = PBXBuildFile; fileRef = EFB1C7C41CDF78E70032D5E3 /* CoreAudio.framework */; };
		EFB1C7C71CDF78EF0032D5E3 /* AudioToolbox.framework in Frameworks */ = {isa = PBXBuildFile; fileRef = EFB1C7C61CDF78EF0032D5E3 /* AudioToolbox.framework */; };
		EFB1C7C91CDF78F80032D5E3 /* AVFoundation.framework in Frameworks */ = {isa = PBXBuildFile; fileRef = EFB1C7C81CDF78F80032D5E3 /* AVFoundation.framework */; };
		EFB1C7CB1CDF79000032D5E3 /* CoreGraphics.framework in Frameworks */ = {isa = PBXBuildFile; fileRef = EFB1C7CA1CDF79000032D5E3 /* CoreGraphics.framework */; };
		EFB1C7CD1CDF79090032D5E3 /* SafariServices.framework in Frameworks */ = {isa = PBXBuildFile; fileRef = EFB1C7CC1CDF79090032D5E3 /* SafariServices.framework */; };
		EFB1C7CF1CDF79140032D5E3 /* Security.framework in Frameworks */ = {isa = PBXBuildFile; fileRef = EFB1C7CE1CDF79140032D5E3 /* Security.framework */; };
		EFB1C7D11CDF79370032D5E3 /* AVSUploader.swift in Sources */ = {isa = PBXBuildFile; fileRef = EFB1C7D01CDF79370032D5E3 /* AVSUploader.swift */; };
		EFB1C7D31CDF793D0032D5E3 /* GetAccessTokenDelegate.swift in Sources */ = {isa = PBXBuildFile; fileRef = EFB1C7D21CDF793D0032D5E3 /* GetAccessTokenDelegate.swift */; };
		EFB1C7D51CDF79440032D5E3 /* SimplePCMRecorder.swift in Sources */ = {isa = PBXBuildFile; fileRef = EFB1C7D41CDF79440032D5E3 /* SimplePCMRecorder.swift */; };
		EFB1C7D71CDF79730032D5E3 /* Config.swift in Sources */ = {isa = PBXBuildFile; fileRef = EFB1C7D61CDF79730032D5E3 /* Config.swift */; };
/* End PBXBuildFile section */

/* Begin PBXContainerItemProxy section */
		EFB1C7B21CDF774F0032D5E3 /* PBXContainerItemProxy */ = {
			isa = PBXContainerItemProxy;
			containerPortal = EFB1C7951CDF774F0032D5E3 /* Project object */;
			proxyType = 1;
			remoteGlobalIDString = EFB1C79C1CDF774F0032D5E3;
			remoteInfo = MirrorRemote;
		};
/* End PBXContainerItemProxy section */

/* Begin PBXFileReference section */
		EFB1C79D1CDF774F0032D5E3 /* MirrorRemote.app */ = {isa = PBXFileReference; explicitFileType = wrapper.application; includeInIndex = 0; path = MirrorRemote.app; sourceTree = BUILT_PRODUCTS_DIR; };
		EFB1C7A01CDF774F0032D5E3 /* AppDelegate.swift */ = {isa = PBXFileReference; lastKnownFileType = sourcecode.swift; path = AppDelegate.swift; sourceTree = "<group>"; };
		EFB1C7A21CDF774F0032D5E3 /* ViewController.swift */ = {isa = PBXFileReference; lastKnownFileType = sourcecode.swift; path = ViewController.swift; sourceTree = "<group>"; };
		EFB1C7A51CDF774F0032D5E3 /* Base */ = {isa = PBXFileReference; lastKnownFileType = file.storyboard; name = Base; path = Base.lproj/Main.storyboard; sourceTree = "<group>"; };
		EFB1C7A71CDF774F0032D5E3 /* Assets.xcassets */ = {isa = PBXFileReference; lastKnownFileType = folder.assetcatalog; path = Assets.xcassets; sourceTree = "<group>"; };
		EFB1C7AA1CDF774F0032D5E3 /* Base */ = {isa = PBXFileReference; lastKnownFileType = file.storyboard; name = Base; path = Base.lproj/LaunchScreen.storyboard; sourceTree = "<group>"; };
		EFB1C7AC1CDF774F0032D5E3 /* Info.plist */ = {isa = PBXFileReference; lastKnownFileType = text.plist.xml; path = Info.plist; sourceTree = "<group>"; };
		EFB1C7B11CDF774F0032D5E3 /* MirrorRemoteTests.xctest */ = {isa = PBXFileReference; explicitFileType = wrapper.cfbundle; includeInIndex = 0; path = MirrorRemoteTests.xctest; sourceTree = BUILT_PRODUCTS_DIR; };
		EFB1C7B51CDF774F0032D5E3 /* MirrorRemoteTests.swift */ = {isa = PBXFileReference; lastKnownFileType = sourcecode.swift; path = MirrorRemoteTests.swift; sourceTree = "<group>"; };
		EFB1C7B71CDF774F0032D5E3 /* Info.plist */ = {isa = PBXFileReference; lastKnownFileType = text.plist.xml; path = Info.plist; sourceTree = "<group>"; };
		EFB1C7C11CDF77910032D5E3 /* LoginWithAmazon.framework */ = {isa = PBXFileReference; lastKnownFileType = wrapper.framework; name = LoginWithAmazon.framework; path = Frameworks/LoginWithAmazon.framework; sourceTree = "<group>"; };
		EFB1C7C31CDF783E0032D5E3 /* MirrorRemote-Bridging-Header.h */ = {isa = PBXFileReference; fileEncoding = 4; lastKnownFileType = sourcecode.c.h; path = "MirrorRemote-Bridging-Header.h"; sourceTree = "<group>"; };
		EFB1C7C41CDF78E70032D5E3 /* CoreAudio.framework */ = {isa = PBXFileReference; lastKnownFileType = wrapper.framework; name = CoreAudio.framework; path = System/Library/Frameworks/CoreAudio.framework; sourceTree = SDKROOT; };
		EFB1C7C61CDF78EF0032D5E3 /* AudioToolbox.framework */ = {isa = PBXFileReference; lastKnownFileType = wrapper.framework; name = AudioToolbox.framework; path = System/Library/Frameworks/AudioToolbox.framework; sourceTree = SDKROOT; };
		EFB1C7C81CDF78F80032D5E3 /* AVFoundation.framework */ = {isa = PBXFileReference; lastKnownFileType = wrapper.framework; name = AVFoundation.framework; path = System/Library/Frameworks/AVFoundation.framework; sourceTree = SDKROOT; };
		EFB1C7CA1CDF79000032D5E3 /* CoreGraphics.framework */ = {isa = PBXFileReference; lastKnownFileType = wrapper.framework; name = CoreGraphics.framework; path = System/Library/Frameworks/CoreGraphics.framework; sourceTree = SDKROOT; };
		EFB1C7CC1CDF79090032D5E3 /* SafariServices.framework */ = {isa = PBXFileReference; lastKnownFileType = wrapper.framework; name = SafariServices.framework; path = System/Library/Frameworks/SafariServices.framework; sourceTree = SDKROOT; };
		EFB1C7CE1CDF79140032D5E3 /* Security.framework */ = {isa = PBXFileReference; lastKnownFileType = wrapper.framework; name = Security.framework; path = System/Library/Frameworks/Security.framework; sourceTree = SDKROOT; };
		EFB1C7D01CDF79370032D5E3 /* AVSUploader.swift */ = {isa = PBXFileReference; fileEncoding = 4; lastKnownFileType = sourcecode.swift; path = AVSUploader.swift; sourceTree = "<group>"; };
		EFB1C7D21CDF793D0032D5E3 /* GetAccessTokenDelegate.swift */ = {isa = PBXFileReference; fileEncoding = 4; lastKnownFileType = sourcecode.swift; path = GetAccessTokenDelegate.swift; sourceTree = "<group>"; };
		EFB1C7D41CDF79440032D5E3 /* SimplePCMRecorder.swift */ = {isa = PBXFileReference; fileEncoding = 4; lastKnownFileType = sourcecode.swift; path = SimplePCMRecorder.swift; sourceTree = "<group>"; };
		EFB1C7D61CDF79730032D5E3 /* Config.swift */ = {isa = PBXFileReference; fileEncoding = 4; lastKnownFileType = sourcecode.swift; path = Config.swift; sourceTree = "<group>"; };
/* End PBXFileReference section */

/* Begin PBXFrameworksBuildPhase section */
		EFB1C79A1CDF774F0032D5E3 /* Frameworks */ = {
			isa = PBXFrameworksBuildPhase;
			buildActionMask = 2147483647;
			files = (
				EFB1C7CF1CDF79140032D5E3 /* Security.framework in Frameworks */,
				EFB1C7CD1CDF79090032D5E3 /* SafariServices.framework in Frameworks */,
				EFB1C7CB1CDF79000032D5E3 /* CoreGraphics.framework in Frameworks */,
				EFB1C7C91CDF78F80032D5E3 /* AVFoundation.framework in Frameworks */,
				EFB1C7C71CDF78EF0032D5E3 /* AudioToolbox.framework in Frameworks */,
				EFB1C7C51CDF78E70032D5E3 /* CoreAudio.framework in Frameworks */,
				EFB1C7C21CDF77910032D5E3 /* LoginWithAmazon.framework in Frameworks */,
			);
			runOnlyForDeploymentPostprocessing = 0;
		};
		EFB1C7AE1CDF774F0032D5E3 /* Frameworks */ = {
			isa = PBXFrameworksBuildPhase;
			buildActionMask = 2147483647;
			files = (
			);
			runOnlyForDeploymentPostprocessing = 0;
		};
/* End PBXFrameworksBuildPhase section */

/* Begin PBXGroup section */
		EFB1C7941CDF774F0032D5E3 = {
			isa = PBXGroup;
			children = (
				EFB1C7C01CDF77760032D5E3 /* Frameworks */,
				EFB1C79F1CDF774F0032D5E3 /* MirrorRemote */,
				EFB1C7B41CDF774F0032D5E3 /* MirrorRemoteTests */,
				EFB1C79E1CDF774F0032D5E3 /* Products */,
			);
			sourceTree = "<group>";
		};
		EFB1C79E1CDF774F0032D5E3 /* Products */ = {
			isa = PBXGroup;
			children = (
				EFB1C79D1CDF774F0032D5E3 /* MirrorRemote.app */,
				EFB1C7B11CDF774F0032D5E3 /* MirrorRemoteTests.xctest */,
			);
			name = Products;
			sourceTree = "<group>";
		};
		EFB1C79F1CDF774F0032D5E3 /* MirrorRemote */ = {
			isa = PBXGroup;
			children = (
				EFB1C7D61CDF79730032D5E3 /* Config.swift */,
				EFB1C7D41CDF79440032D5E3 /* SimplePCMRecorder.swift */,
				EFB1C7D21CDF793D0032D5E3 /* GetAccessTokenDelegate.swift */,
				EFB1C7D01CDF79370032D5E3 /* AVSUploader.swift */,
				EFB1C7C31CDF783E0032D5E3 /* MirrorRemote-Bridging-Header.h */,
				EFB1C7A01CDF774F0032D5E3 /* AppDelegate.swift */,
				EFB1C7A21CDF774F0032D5E3 /* ViewController.swift */,
				EFB1C7A41CDF774F0032D5E3 /* Main.storyboard */,
				EFB1C7A71CDF774F0032D5E3 /* Assets.xcassets */,
				EFB1C7A91CDF774F0032D5E3 /* LaunchScreen.storyboard */,
				EFB1C7AC1CDF774F0032D5E3 /* Info.plist */,
			);
			path = MirrorRemote;
			sourceTree = "<group>";
		};
		EFB1C7B41CDF774F0032D5E3 /* MirrorRemoteTests */ = {
			isa = PBXGroup;
			children = (
				EFB1C7B51CDF774F0032D5E3 /* MirrorRemoteTests.swift */,
				EFB1C7B71CDF774F0032D5E3 /* Info.plist */,
			);
			path = MirrorRemoteTests;
			sourceTree = "<group>";
		};
		EFB1C7C01CDF77760032D5E3 /* Frameworks */ = {
			isa = PBXGroup;
			children = (
				EFB1C7CE1CDF79140032D5E3 /* Security.framework */,
				EFB1C7CC1CDF79090032D5E3 /* SafariServices.framework */,
				EFB1C7CA1CDF79000032D5E3 /* CoreGraphics.framework */,
				EFB1C7C81CDF78F80032D5E3 /* AVFoundation.framework */,
				EFB1C7C61CDF78EF0032D5E3 /* AudioToolbox.framework */,
				EFB1C7C41CDF78E70032D5E3 /* CoreAudio.framework */,
				EFB1C7C11CDF77910032D5E3 /* LoginWithAmazon.framework */,
			);
			name = Frameworks;
			sourceTree = "<group>";
		};
/* End PBXGroup section */

/* Begin PBXNativeTarget section */
		EFB1C79C1CDF774F0032D5E3 /* MirrorRemote */ = {
			isa = PBXNativeTarget;
			buildConfigurationList = EFB1C7BA1CDF774F0032D5E3 /* Build configuration list for PBXNativeTarget "MirrorRemote" */;
			buildPhases = (
				EFB1C7991CDF774F0032D5E3 /* Sources */,
				EFB1C79A1CDF774F0032D5E3 /* Frameworks */,
				EFB1C79B1CDF774F0032D5E3 /* Resources */,
			);
			buildRules = (
			);
			dependencies = (
			);
			name = MirrorRemote;
			productName = MirrorRemote;
			productReference = EFB1C79D1CDF774F0032D5E3 /* MirrorRemote.app */;
			productType = "com.apple.product-type.application";
		};
		EFB1C7B01CDF774F0032D5E3 /* MirrorRemoteTests */ = {
			isa = PBXNativeTarget;
			buildConfigurationList = EFB1C7BD1CDF774F0032D5E3 /* Build configuration list for PBXNativeTarget "MirrorRemoteTests" */;
			buildPhases = (
				EFB1C7AD1CDF774F0032D5E3 /* Sources */,
				EFB1C7AE1CDF774F0032D5E3 /* Frameworks */,
				EFB1C7AF1CDF774F0032D5E3 /* Resources */,
			);
			buildRules = (
			);
			dependencies = (
				EFB1C7B31CDF774F0032D5E3 /* PBXTargetDependency */,
			);
			name = MirrorRemoteTests;
			productName = MirrorRemoteTests;
			productReference = EFB1C7B11CDF774F0032D5E3 /* MirrorRemoteTests.xctest */;
			productType = "com.apple.product-type.bundle.unit-test";
		};
/* End PBXNativeTarget section */

/* Begin PBXProject section */
		EFB1C7951CDF774F0032D5E3 /* Project object */ = {
			isa = PBXProject;
			attributes = {
				LastSwiftUpdateCheck = 0730;
				LastUpgradeCheck = 0730;
				ORGANIZATIONNAME = "Col Harris";
				TargetAttributes = {
					EFB1C79C1CDF774F0032D5E3 = {
						CreatedOnToolsVersion = 7.3;
					};
					EFB1C7B01CDF774F0032D5E3 = {
						CreatedOnToolsVersion = 7.3;
						TestTargetID = EFB1C79C1CDF774F0032D5E3;
					};
				};
			};
			buildConfigurationList = EFB1C7981CDF774F0032D5E3 /* Build configuration list for PBXProject "MirrorRemote" */;
			compatibilityVersion = "Xcode 3.2";
			developmentRegion = English;
			hasScannedForEncodings = 0;
			knownRegions = (
				en,
				Base,
			);
			mainGroup = EFB1C7941CDF774F0032D5E3;
			productRefGroup = EFB1C79E1CDF774F0032D5E3 /* Products */;
			projectDirPath = "";
			projectRoot = "";
			targets = (
				EFB1C79C1CDF774F0032D5E3 /* MirrorRemote */,
				EFB1C7B01CDF774F0032D5E3 /* MirrorRemoteTests */,
			);
		};
/* End PBXProject section */

/* Begin PBXResourcesBuildPhase section */
		EFB1C79B1CDF774F0032D5E3 /* Resources */ = {
			isa = PBXResourcesBuildPhase;
			buildActionMask = 2147483647;
			files = (
				EFB1C7AB1CDF774F0032D5E3 /* LaunchScreen.storyboard in Resources */,
				EFB1C7A81CDF774F0032D5E3 /* Assets.xcassets in Resources */,
				EFB1C7A61CDF774F0032D5E3 /* Main.storyboard in Resources */,
			);
			runOnlyForDeploymentPostprocessing = 0;
		};
		EFB1C7AF1CDF774F0032D5E3 /* Resources */ = {
			isa = PBXResourcesBuildPhase;
			buildActionMask = 2147483647;
			files = (
			);
			runOnlyForDeploymentPostprocessing = 0;
		};
/* End PBXResourcesBuildPhase section */

/* Begin PBXSourcesBuildPhase section */
		EFB1C7991CDF774F0032D5E3 /* Sources */ = {
			isa = PBXSourcesBuildPhase;
			buildActionMask = 2147483647;
			files = (
				EFB1C7D51CDF79440032D5E3 /* SimplePCMRecorder.swift in Sources */,
				EFB1C7D11CDF79370032D5E3 /* AVSUploader.swift in Sources */,
				EFB1C7D31CDF793D0032D5E3 /* GetAccessTokenDelegate.swift in Sources */,
				EFB1C7A31CDF774F0032D5E3 /* ViewController.swift in Sources */,
				EFB1C7A11CDF774F0032D5E3 /* AppDelegate.swift in Sources */,
				EFB1C7D71CDF79730032D5E3 /* Config.swift in Sources */,
			);
			runOnlyForDeploymentPostprocessing = 0;
		};
		EFB1C7AD1CDF774F0032D5E3 /* Sources */ = {
			isa = PBXSourcesBuildPhase;
			buildActionMask = 2147483647;
			files = (
				EFB1C7B61CDF774F0032D5E3 /* MirrorRemoteTests.swift in Sources */,
			);
			runOnlyForDeploymentPostprocessing = 0;
		};
/* End PBXSourcesBuildPhase section */

/* Begin PBXTargetDependency section */
		EFB1C7B31CDF774F0032D5E3 /* PBXTargetDependency */ = {
			isa = PBXTargetDependency;
			target = EFB1C79C1CDF774F0032D5E3 /* MirrorRemote */;
			targetProxy = EFB1C7B21CDF774F0032D5E3 /* PBXContainerItemProxy */;
		};
/* End PBXTargetDependency section */

/* Begin PBXVariantGroup section */
		EFB1C7A41CDF774F0032D5E3 /* Main.storyboard */ = {
			isa = PBXVariantGroup;
			children = (
				EFB1C7A51CDF774F0032D5E3 /* Base */,
			);
			name = Main.storyboard;
			sourceTree = "<group>";
		};
		EFB1C7A91CDF774F0032D5E3 /* LaunchScreen.storyboard */ = {
			isa = PBXVariantGroup;
			children = (
				EFB1C7AA1CDF774F0032D5E3 /* Base */,
			);
			name = LaunchScreen.storyboard;
			sourceTree = "<group>";
		};
/* End PBXVariantGroup section */

/* Begin XCBuildConfiguration section */
		EFB1C7B81CDF774F0032D5E3 /* Debug */ = {
			isa = XCBuildConfiguration;
			buildSettings = {
				ALWAYS_SEARCH_USER_PATHS = NO;
				CLANG_ANALYZER_NONNULL = YES;
				CLANG_CXX_LANGUAGE_STANDARD = "gnu++0x";
				CLANG_CXX_LIBRARY = "libc++";
				CLANG_ENABLE_MODULES = YES;
				CLANG_ENABLE_OBJC_ARC = YES;
				CLANG_WARN_BOOL_CONVERSION = YES;
				CLANG_WARN_CONSTANT_CONVERSION = YES;
				CLANG_WARN_DIRECT_OBJC_ISA_USAGE = YES_ERROR;
				CLANG_WARN_EMPTY_BODY = YES;
				CLANG_WARN_ENUM_CONVERSION = YES;
				CLANG_WARN_INT_CONVERSION = YES;
				CLANG_WARN_OBJC_ROOT_CLASS = YES_ERROR;
				CLANG_WARN_UNREACHABLE_CODE = YES;
				CLANG_WARN__DUPLICATE_METHOD_MATCH = YES;
				"CODE_SIGN_IDENTITY[sdk=iphoneos*]" = "iPhone Developer";
				COPY_PHASE_STRIP = NO;
				DEBUG_INFORMATION_FORMAT = dwarf;
				ENABLE_STRICT_OBJC_MSGSEND = YES;
				ENABLE_TESTABILITY = YES;
				GCC_C_LANGUAGE_STANDARD = gnu99;
				GCC_DYNAMIC_NO_PIC = NO;
				GCC_NO_COMMON_BLOCKS = YES;
				GCC_OPTIMIZATION_LEVEL = 0;
				GCC_PREPROCESSOR_DEFINITIONS = (
					"DEBUG=1",
					"$(inherited)",
				);
				GCC_WARN_64_TO_32_BIT_CONVERSION = YES;
				GCC_WARN_ABOUT_RETURN_TYPE = YES_ERROR;
				GCC_WARN_UNDECLARED_SELECTOR = YES;
				GCC_WARN_UNINITIALIZED_AUTOS = YES_AGGRESSIVE;
				GCC_WARN_UNUSED_FUNCTION = YES;
				GCC_WARN_UNUSED_VARIABLE = YES;
				IPHONEOS_DEPLOYMENT_TARGET = 9.3;
				MTL_ENABLE_DEBUG_INFO = YES;
				ONLY_ACTIVE_ARCH = YES;
				SDKROOT = iphoneos;
				SWIFT_OPTIMIZATION_LEVEL = "-Onone";
				TARGETED_DEVICE_FAMILY = "1,2";
			};
			name = Debug;
		};
		EFB1C7B91CDF774F0032D5E3 /* Release */ = {
			isa = XCBuildConfiguration;
			buildSettings = {
				ALWAYS_SEARCH_USER_PATHS = NO;
				CLANG_ANALYZER_NONNULL = YES;
				CLANG_CXX_LANGUAGE_STANDARD = "gnu++0x";
				CLANG_CXX_LIBRARY = "libc++";
				CLANG_ENABLE_MODULES = YES;
				CLANG_ENABLE_OBJC_ARC = YES;
				CLANG_WARN_BOOL_CONVERSION = YES;
				CLANG_WARN_CONSTANT_CONVERSION = YES;
				CLANG_WARN_DIRECT_OBJC_ISA_USAGE = YES_ERROR;
				CLANG_WARN_EMPTY_BODY = YES;
				CLANG_WARN_ENUM_CONVERSION = YES;
				CLANG_WARN_INT_CONVERSION = YES;
				CLANG_WARN_OBJC_ROOT_CLASS = YES_ERROR;
				CLANG_WARN_UNREACHABLE_CODE = YES;
				CLANG_WARN__DUPLICATE_METHOD_MATCH = YES;
				"CODE_SIGN_IDENTITY[sdk=iphoneos*]" = "iPhone Developer";
				COPY_PHASE_STRIP = NO;
				DEBUG_INFORMATION_FORMAT = "dwarf-with-dsym";
				ENABLE_NS_ASSERTIONS = NO;
				ENABLE_STRICT_OBJC_MSGSEND = YES;
				GCC_C_LANGUAGE_STANDARD = gnu99;
				GCC_NO_COMMON_BLOCKS = YES;
				GCC_WARN_64_TO_32_BIT_CONVERSION = YES;
				GCC_WARN_ABOUT_RETURN_TYPE = YES_ERROR;
				GCC_WARN_UNDECLARED_SELECTOR = YES;
				GCC_WARN_UNINITIALIZED_AUTOS = YES_AGGRESSIVE;
				GCC_WARN_UNUSED_FUNCTION = YES;
				GCC_WARN_UNUSED_VARIABLE = YES;
				IPHONEOS_DEPLOYMENT_TARGET = 9.3;
				MTL_ENABLE_DEBUG_INFO = NO;
				SDKROOT = iphoneos;
				TARGETED_DEVICE_FAMILY = "1,2";
				VALIDATE_PRODUCT = YES;
			};
			name = Release;
		};
		EFB1C7BB1CDF774F0032D5E3 /* Debug */ = {
			isa = XCBuildConfiguration;
			buildSettings = {
				ASSETCATALOG_COMPILER_APPICON_NAME = AppIcon;
				FRAMEWORK_SEARCH_PATHS = (
					"$(inherited)",
					"$(PROJECT_DIR)/Frameworks",
				);
				INFOPLIST_FILE = MirrorRemote/Info.plist;
				LD_RUNPATH_SEARCH_PATHS = "$(inherited) @executable_path/Frameworks";
				PRODUCT_BUNDLE_IDENTIFIER = com.colharris.MirrorRemote;
				PRODUCT_NAME = "$(TARGET_NAME)";
				SWIFT_OBJC_BRIDGING_HEADER = "MirrorRemote/MirrorRemote-Bridging-Header.h";
			};
			name = Debug;
		};
		EFB1C7BC1CDF774F0032D5E3 /* Release */ = {
			isa = XCBuildConfiguration;
			buildSettings = {
				ASSETCATALOG_COMPILER_APPICON_NAME = AppIcon;
				FRAMEWORK_SEARCH_PATHS = (
					"$(inherited)",
					"$(PROJECT_DIR)/Frameworks",
				);
				INFOPLIST_FILE = MirrorRemote/Info.plist;
				LD_RUNPATH_SEARCH_PATHS = "$(inherited) @executable_path/Frameworks";
				PRODUCT_BUNDLE_IDENTIFIER = com.colharris.MirrorRemote;
				PRODUCT_NAME = "$(TARGET_NAME)";
				SWIFT_OBJC_BRIDGING_HEADER = "MirrorRemote/MirrorRemote-Bridging-Header.h";
			};
			name = Release;
		};
		EFB1C7BE1CDF774F0032D5E3 /* Debug */ = {
			isa = XCBuildConfiguration;
			buildSettings = {
				BUNDLE_LOADER = "$(TEST_HOST)";
				INFOPLIST_FILE = MirrorRemoteTests/Info.plist;
				LD_RUNPATH_SEARCH_PATHS = "$(inherited) @executable_path/Frameworks @loader_path/Frameworks";
				PRODUCT_BUNDLE_IDENTIFIER = com.colharris.MirrorRemoteTests;
				PRODUCT_NAME = "$(TARGET_NAME)";
				TEST_HOST = "$(BUILT_PRODUCTS_DIR)/MirrorRemote.app/MirrorRemote";
			};
			name = Debug;
		};
		EFB1C7BF1CDF774F0032D5E3 /* Release */ = {
			isa = XCBuildConfiguration;
			buildSettings = {
				BUNDLE_LOADER = "$(TEST_HOST)";
				INFOPLIST_FILE = MirrorRemoteTests/Info.plist;
				LD_RUNPATH_SEARCH_PATHS = "$(inherited) @executable_path/Frameworks @loader_path/Frameworks";
				PRODUCT_BUNDLE_IDENTIFIER = com.colharris.MirrorRemoteTests;
				PRODUCT_NAME = "$(TARGET_NAME)";
				TEST_HOST = "$(BUILT_PRODUCTS_DIR)/MirrorRemote.app/MirrorRemote";
			};
			name = Release;
		};
/* End XCBuildConfiguration section */

/* Begin XCConfigurationList section */
		EFB1C7981CDF774F0032D5E3 /* Build configuration list for PBXProject "MirrorRemote" */ = {
			isa = XCConfigurationList;
			buildConfigurations = (
				EFB1C7B81CDF774F0032D5E3 /* Debug */,
				EFB1C7B91CDF774F0032D5E3 /* Release */,
			);
			defaultConfigurationIsVisible = 0;
			defaultConfigurationName = Release;
		};
		EFB1C7BA1CDF774F0032D5E3 /* Build configuration list for PBXNativeTarget "MirrorRemote" */ = {
			isa = XCConfigurationList;
			buildConfigurations = (
				EFB1C7BB1CDF774F0032D5E3 /* Debug */,
				EFB1C7BC1CDF774F0032D5E3 /* Release */,
			);
			defaultConfigurationIsVisible = 0;
		};
		EFB1C7BD1CDF774F0032D5E3 /* Build configuration list for PBXNativeTarget "MirrorRemoteTests" */ = {
			isa = XCConfigurationList;
			buildConfigurations = (
				EFB1C7BE1CDF774F0032D5E3 /* Debug */,
				EFB1C7BF1CDF774F0032D5E3 /* Release */,
			);
			defaultConfigurationIsVisible = 0;
		};
/* End XCConfigurationList section */
	};
	rootObject = EFB1C7951CDF774F0032D5E3 /* Project object */;
}
